
Microsoft Visual Studio Solution File, Format Version 12.00
# Visual Studio Version 17
VisualStudioVersion = 17.0.31903.59
MinimumVisualStudioVersion = 10.0.40219.1
Project("{FAE04EC0-301F-11D3-BF4B-00C04F79EFBC}") = "Conquest.Core", "Conquest.Core\Conquest.Core.csproj", "{34AB4C34-7207-45CE-9899-A5011972BCC5}"
EndProject
Project("{FAE04EC0-301F-11D3-BF4B-00C04F79EFBC}") = "Conquest.CLI", "Conquest.CLI\Conquest.CLI.csproj", "{DACDBFCC-C75F-4ED5-9483-492F2E471269}"
EndProject
Project("{FAE04EC0-301F-11D3-BF4B-00C04F79EFBC}") = "Conquest.Tests", "Conquest.Tests\Conquest.Tests.csproj", "{FD4E0EE7-FC78-4DAE-8569-C6B9831D17CB}"
EndProject
Project("{2150E333-8FDC-42A3-9474-1A3956D46DE8}") = "Solution Items", "Solution Items", "{02EA681E-C7D8-13C7-8484-4AC65E1B71E8}"
	ProjectSection(SolutionItems) = preProject
		.editorconfig = .editorconfig
		.gitignore = .gitignore
		.gitattributes = .gitattributes
	EndProjectSection
EndProject
Global
	GlobalSection(SolutionConfigurationPlatforms) = preSolution
		Debug|Any CPU = Debug|Any CPU
		Debug|x64 = Debug|x64
		Debug|x86 = Debug|x86
		Release|Any CPU = Release|Any CPU
		Release|x64 = Release|x64
		Release|x86 = Release|x86
	EndGlobalSection
	GlobalSection(ProjectConfigurationPlatforms) = postSolution
		{34AB4C34-7207-45CE-9899-A5011972BCC5}.Debug|Any CPU.ActiveCfg = Debug|Any CPU
		{34AB4C34-7207-45CE-9899-A5011972BCC5}.Debug|Any CPU.Build.0 = Debug|Any CPU
		{34AB4C34-7207-45CE-9899-A5011972BCC5}.Debug|x64.ActiveCfg = Debug|Any CPU
		{34AB4C34-7207-45CE-9899-A5011972BCC5}.Debug|x64.Build.0 = Debug|Any CPU
		{34AB4C34-7207-45CE-9899-A5011972BCC5}.Debug|x86.ActiveCfg = Debug|Any CPU
		{34AB4C34-7207-45CE-9899-A5011972BCC5}.Debug|x86.Build.0 = Debug|Any CPU
		{34AB4C34-7207-45CE-9899-A5011972BCC5}.Release|Any CPU.ActiveCfg = Release|Any CPU
		{34AB4C34-7207-45CE-9899-A5011972BCC5}.Release|Any CPU.Build.0 = Release|Any CPU
		{34AB4C34-7207-45CE-9899-A5011972BCC5}.Release|x64.ActiveCfg = Release|Any CPU
		{34AB4C34-7207-45CE-9899-A5011972BCC5}.Release|x64.Build.0 = Release|Any CPU
		{34AB4C34-7207-45CE-9899-A5011972BCC5}.Release|x86.ActiveCfg = Release|Any CPU
		{34AB4C34-7207-45CE-9899-A5011972BCC5}.Release|x86.Build.0 = Release|Any CPU
		{DACDBFCC-C75F-4ED5-9483-492F2E471269}.Debug|Any CPU.ActiveCfg = Debug|Any CPU
		{DACDBFCC-C75F-4ED5-9483-492F2E471269}.Debug|Any CPU.Build.0 = Debug|Any CPU
		{DACDBFCC-C75F-4ED5-9483-492F2E471269}.Debug|x64.ActiveCfg = Debug|Any CPU
		{DACDBFCC-C75F-4ED5-9483-492F2E471269}.Debug|x64.Build.0 = Debug|Any CPU
		{DACDBFCC-C75F-4ED5-9483-492F2E471269}.Debug|x86.ActiveCfg = Debug|Any CPU
		{DACDBFCC-C75F-4ED5-9483-492F2E471269}.Debug|x86.Build.0 = Debug|Any CPU
		{DACDBFCC-C75F-4ED5-9483-492F2E471269}.Release|Any CPU.ActiveCfg = Release|Any CPU
		{DACDBFCC-C75F-4ED5-9483-492F2E471269}.Release|Any CPU.Build.0 = Release|Any CPU
		{DACDBFCC-C75F-4ED5-9483-492F2E471269}.Release|x64.ActiveCfg = Release|Any CPU
		{DACDBFCC-C75F-4ED5-9483-492F2E471269}.Release|x64.Build.0 = Release|Any CPU
		{DACDBFCC-C75F-4ED5-9483-492F2E471269}.Release|x86.ActiveCfg = Release|Any CPU
		{DACDBFCC-C75F-4ED5-9483-492F2E471269}.Release|x86.Build.0 = Release|Any CPU
		{FD4E0EE7-FC78-4DAE-8569-C6B9831D17CB}.Debug|Any CPU.ActiveCfg = Debug|Any CPU
		{FD4E0EE7-FC78-4DAE-8569-C6B9831D17CB}.Debug|Any CPU.Build.0 = Debug|Any CPU
		{FD4E0EE7-FC78-4DAE-8569-C6B9831D17CB}.Debug|x64.ActiveCfg = Debug|Any CPU
		{FD4E0EE7-FC78-4DAE-8569-C6B9831D17CB}.Debug|x64.Build.0 = Debug|Any CPU
		{FD4E0EE7-FC78-4DAE-8569-C6B9831D17CB}.Debug|x86.ActiveCfg = Debug|Any CPU
		{FD4E0EE7-FC78-4DAE-8569-C6B9831D17CB}.Debug|x86.Build.0 = Debug|Any CPU
		{FD4E0EE7-FC78-4DAE-8569-C6B9831D17CB}.Release|Any CPU.ActiveCfg = Release|Any CPU
		{FD4E0EE7-FC78-4DAE-8569-C6B9831D17CB}.Release|Any CPU.Build.0 = Release|Any CPU
		{FD4E0EE7-FC78-4DAE-8569-C6B9831D17CB}.Release|x64.ActiveCfg = Release|Any CPU
		{FD4E0EE7-FC78-4DAE-8569-C6B9831D17CB}.Release|x64.Build.0 = Release|Any CPU
		{FD4E0EE7-FC78-4DAE-8569-C6B9831D17CB}.Release|x86.ActiveCfg = Release|Any CPU
		{FD4E0EE7-FC78-4DAE-8569-C6B9831D17CB}.Release|x86.Build.0 = Release|Any CPU
	EndGlobalSection
	GlobalSection(SolutionProperties) = preSolution
		HideSolutionNode = FALSE
	EndGlobalSection
	GlobalSection(ExtensibilityGlobals) = postSolution
		SolutionGuid = {9F5E43FE-71AC-4E53-86E0-B4FE2EA28785}
	EndGlobalSection
EndGlobal
